
Microsoft Visual Studio Solution File, Format Version 12.00
# Visual Studio Version 16
VisualStudioVersion = 16.0.31005.135
MinimumVisualStudioVersion = 10.0.40219.1
Project("{FAE04EC0-301F-11D3-BF4B-00C04F79EFBC}") = "ECommerce 1 ASP NET Core", "ECommerce 1 ASP NET Core\ECommerce 1 ASP NET Core.csproj", "{11DE5A93-862B-408F-B033-93B5FBDC148A}"
EndProject
Global
	GlobalSection(SolutionConfigurationPlatforms) = preSolution
		Debug|Any CPU = Debug|Any CPU
		Release|Any CPU = Release|Any CPU
	EndGlobalSection
	GlobalSection(ProjectConfigurationPlatforms) = postSolution
		{11DE5A93-862B-408F-B033-93B5FBDC148A}.Debug|Any CPU.ActiveCfg = Debug|Any CPU
		{11DE5A93-862B-408F-B033-93B5FBDC148A}.Debug|Any CPU.Build.0 = Debug|Any CPU
		{11DE5A93-862B-408F-B033-93B5FBDC148A}.Release|Any CPU.ActiveCfg = Release|Any CPU
		{11DE5A93-862B-408F-B033-93B5FBDC148A}.Release|Any CPU.Build.0 = Release|Any CPU
	EndGlobalSection
	GlobalSection(SolutionProperties) = preSolution
		HideSolutionNode = FALSE
	EndGlobalSection
	GlobalSection(ExtensibilityGlobals) = postSolution
		SolutionGuid = {7D344D7F-1652-42B2-A348-CA2E90B91BA7}
	EndGlobalSection
EndGlobal
